PODS:
  - R.swift (7.8.0)
  - SwiftGen (6.6.3)

DEPENDENCIES:
  - R.swift
  - SwiftGen

SPEC REPOS:
  trunk:
    - R.swift
    - SwiftGen

SPEC CHECKSUMS:
  R.swift: f573269ca45b2ab066c082e363dd4c2b297b0d71
  SwiftGen: 4993cbf71cbc4886f775e26f8d5c3a1188ec9f99

PODFILE CHECKSUM: 856eba9551d1e42a42bd86689743ad39fba558c7

COCOAPODS: 1.16.2
